
Microsoft Visual Studio Solution File, Format Version 12.00
# Visual Studio Version 17
VisualStudioVersion = 17.0.31903.59
MinimumVisualStudioVersion = 10.0.40219.1
Project("{FAE04EC0-301F-11D3-BF4B-00C04F79EFBC}") = "Sprig.Core", "Sprig.Core\Sprig.Core.csproj", "{59AED5E7-6A24-46F0-A3ED-B70D0FC91846}"
EndProject
Project("{FAE04EC0-301F-11D3-BF4B-00C04F79EFBC}") = "Sprig.Core.Tests", "Sprig.Core.Tests\Sprig.Core.Tests.csproj", "{5918AD45-4D01-45DE-9037-30B5E8CB81CB}"
EndProject
Project("{FAE04EC0-301F-11D3-BF4B-00C04F79EFBC}") = "Sprig.Server", "Sprig.Server\Sprig.Server.csproj", "{8CE5F2BE-FD75-412B-B64D-2E6EEB5A5A3B}"
EndProject
Global
	GlobalSection(SolutionConfigurationPlatforms) = preSolution
		Debug|Any CPU = Debug|Any CPU
		Release|Any CPU = Release|Any CPU
	EndGlobalSection
	GlobalSection(SolutionProperties) = preSolution
		HideSolutionNode = FALSE
	EndGlobalSection
	GlobalSection(ProjectConfigurationPlatforms) = postSolution
		{59AED5E7-6A24-46F0-A3ED-B70D0FC91846}.Debug|Any CPU.ActiveCfg = Debug|Any CPU
		{59AED5E7-6A24-46F0-A3ED-B70D0FC91846}.Debug|Any CPU.Build.0 = Debug|Any CPU
		{59AED5E7-6A24-46F0-A3ED-B70D0FC91846}.Release|Any CPU.ActiveCfg = Release|Any CPU
		{59AED5E7-6A24-46F0-A3ED-B70D0FC91846}.Release|Any CPU.Build.0 = Release|Any CPU
		{5918AD45-4D01-45DE-9037-30B5E8CB81CB}.Debug|Any CPU.ActiveCfg = Debug|Any CPU
		{5918AD45-4D01-45DE-9037-30B5E8CB81CB}.Debug|Any CPU.Build.0 = Debug|Any CPU
		{5918AD45-4D01-45DE-9037-30B5E8CB81CB}.Release|Any CPU.ActiveCfg = Release|Any CPU
		{5918AD45-4D01-45DE-9037-30B5E8CB81CB}.Release|Any CPU.Build.0 = Release|Any CPU
		{8CE5F2BE-FD75-412B-B64D-2E6EEB5A5A3B}.Debug|Any CPU.ActiveCfg = Debug|Any CPU
		{8CE5F2BE-FD75-412B-B64D-2E6EEB5A5A3B}.Debug|Any CPU.Build.0 = Debug|Any CPU
		{8CE5F2BE-FD75-412B-B64D-2E6EEB5A5A3B}.Release|Any CPU.ActiveCfg = Release|Any CPU
		{8CE5F2BE-FD75-412B-B64D-2E6EEB5A5A3B}.Release|Any CPU.Build.0 = Release|Any CPU
	EndGlobalSection
EndGlobal
