
Microsoft Visual Studio Solution File, Format Version 12.00
# Visual Studio Version 17
VisualStudioVersion = 17.0.31903.59
MinimumVisualStudioVersion = 10.0.40219.1
Project("{FAE04EC0-301F-11D3-BF4B-00C04F79EFBC}") = "Sprig.Server", "Sprig.Server\Sprig.Server.csproj", "{16B410D9-6F19-4C30-8406-76A64A5A01A6}"
EndProject
Project("{FAE04EC0-301F-11D3-BF4B-00C04F79EFBC}") = "Sprig.Models", "Sprig.Models\Sprig.Models.csproj", "{D8DDA8DA-D91A-45F6-982E-88CF81F7C81F}"
EndProject
Project("{FAE04EC0-301F-11D3-BF4B-00C04F79EFBC}") = "Sprig.Client", "Sprig.Client\Sprig.Client.csproj", "{FE9EC409-9395-4FE1-BB07-625379FF99B6}"
EndProject
Project("{FAE04EC0-301F-11D3-BF4B-00C04F79EFBC}") = "Sprig.Server.Tests", "Sprig.Server.Tests\Sprig.Server.Tests.csproj", "{E468A40B-B81A-4E94-8AB7-206D86DE39E5}"
EndProject
Global
	GlobalSection(SolutionConfigurationPlatforms) = preSolution
		Debug|Any CPU = Debug|Any CPU
		Release|Any CPU = Release|Any CPU
	EndGlobalSection
	GlobalSection(SolutionProperties) = preSolution
		HideSolutionNode = FALSE
	EndGlobalSection
	GlobalSection(ProjectConfigurationPlatforms) = postSolution
		{16B410D9-6F19-4C30-8406-76A64A5A01A6}.Debug|Any CPU.ActiveCfg = Debug|Any CPU
		{16B410D9-6F19-4C30-8406-76A64A5A01A6}.Debug|Any CPU.Build.0 = Debug|Any CPU
		{16B410D9-6F19-4C30-8406-76A64A5A01A6}.Release|Any CPU.ActiveCfg = Release|Any CPU
		{16B410D9-6F19-4C30-8406-76A64A5A01A6}.Release|Any CPU.Build.0 = Release|Any CPU
		{D8DDA8DA-D91A-45F6-982E-88CF81F7C81F}.Debug|Any CPU.ActiveCfg = Debug|Any CPU
		{D8DDA8DA-D91A-45F6-982E-88CF81F7C81F}.Debug|Any CPU.Build.0 = Debug|Any CPU
		{D8DDA8DA-D91A-45F6-982E-88CF81F7C81F}.Release|Any CPU.ActiveCfg = Release|Any CPU
		{D8DDA8DA-D91A-45F6-982E-88CF81F7C81F}.Release|Any CPU.Build.0 = Release|Any CPU
		{FE9EC409-9395-4FE1-BB07-625379FF99B6}.Debug|Any CPU.ActiveCfg = Debug|Any CPU
		{FE9EC409-9395-4FE1-BB07-625379FF99B6}.Debug|Any CPU.Build.0 = Debug|Any CPU
		{FE9EC409-9395-4FE1-BB07-625379FF99B6}.Release|Any CPU.ActiveCfg = Release|Any CPU
		{FE9EC409-9395-4FE1-BB07-625379FF99B6}.Release|Any CPU.Build.0 = Release|Any CPU
		{E468A40B-B81A-4E94-8AB7-206D86DE39E5}.Debug|Any CPU.ActiveCfg = Debug|Any CPU
		{E468A40B-B81A-4E94-8AB7-206D86DE39E5}.Debug|Any CPU.Build.0 = Debug|Any CPU
		{E468A40B-B81A-4E94-8AB7-206D86DE39E5}.Release|Any CPU.ActiveCfg = Release|Any CPU
		{E468A40B-B81A-4E94-8AB7-206D86DE39E5}.Release|Any CPU.Build.0 = Release|Any CPU
	EndGlobalSection
EndGlobal
